
Microsoft Visual Studio Solution File, Format Version 12.00
# Visual Studio Version 17
VisualStudioVersion = 17.14.36603.0 d17.14
MinimumVisualStudioVersion = 10.0.40219.1
Project("{FAE04EC0-301F-11D3-BF4B-00C04F79EFBC}") = "InternDB", "InternDB\InternDB.csproj", "{D526366D-B12D-4EFD-9373-1F015C49DE45}"
EndProject
Global
	GlobalSection(SolutionConfigurationPlatforms) = preSolution
		Debug|Any CPU = Debug|Any CPU
		Release|Any CPU = Release|Any CPU
	EndGlobalSection
	GlobalSection(ProjectConfigurationPlatforms) = postSolution
		{D526366D-B12D-4EFD-9373-1F015C49DE45}.Debug|Any CPU.ActiveCfg = Debug|Any CPU
		{D526366D-B12D-4EFD-9373-1F015C49DE45}.Debug|Any CPU.Build.0 = Debug|Any CPU
		{D526366D-B12D-4EFD-9373-1F015C49DE45}.Release|Any CPU.ActiveCfg = Release|Any CPU
		{D526366D-B12D-4EFD-9373-1F015C49DE45}.Release|Any CPU.Build.0 = Release|Any CPU
	EndGlobalSection
	GlobalSection(SolutionProperties) = preSolution
		HideSolutionNode = FALSE
	EndGlobalSection
	GlobalSection(ExtensibilityGlobals) = postSolution
		SolutionGuid = {7B12BB29-08FA-4754-82DC-38C87A6E61BF}
	EndGlobalSection
EndGlobal
